PODS:
  - Flutter (1.0.0)
  - flutter_wechat (0.0.1):
    - Flutter
    - WechatOpenSDK-Swift
  - WechatOpenSDK-Swift (1.8.7.1)

DEPENDENCIES:
  - Flutter (from `Flutter`)
  - flutter_wechat (from `.symlinks/plugins/flutter_wechat/ios`)

SPEC REPOS:
  trunk:
    - WechatOpenSDK-Swift

EXTERNAL SOURCES:
  Flutter:
    :path: Flutter
  flutter_wechat:
    :path: ".symlinks/plugins/flutter_wechat/ios"

SPEC CHECKSUMS:
  Flutter: 0e3d915762c693b495b44d77113d4970485de6ec
  flutter_wechat: 6cdef716bc60d4e0a46263eea4df01388dab4fa2
  WechatOpenSDK-Swift: 18a8f7b12e745c30acc013f72a9f8a25aad6e216

PODFILE CHECKSUM: 71d46144e35dbe08c1430c21a5bcd403fd2c04e5

COCOAPODS: 1.9.1
